
Microsoft Visual Studio Solution File, Format Version 12.00
# Visual Studio Version 16
VisualStudioVersion = 16.0.32002.261
MinimumVisualStudioVersion = 10.0.40219.1
Project("{FAE04EC0-301F-11D3-BF4B-00C04F79EFBC}") = "ShopPhone", "ShopPhone.csproj", "{9FCC8264-79F0-4AD4-BD32-D1EFCE9A85CD}"
EndProject
Global
	GlobalSection(SolutionConfigurationPlatforms) = preSolution
		Debug|Any CPU = Debug|Any CPU
		Release|Any CPU = Release|Any CPU
	EndGlobalSection
	GlobalSection(ProjectConfigurationPlatforms) = postSolution
		{9FCC8264-79F0-4AD4-BD32-D1EFCE9A85CD}.Debug|Any CPU.ActiveCfg = Debug|Any CPU
		{9FCC8264-79F0-4AD4-BD32-D1EFCE9A85CD}.Debug|Any CPU.Build.0 = Debug|Any CPU
		{9FCC8264-79F0-4AD4-BD32-D1EFCE9A85CD}.Release|Any CPU.ActiveCfg = Release|Any CPU
		{9FCC8264-79F0-4AD4-BD32-D1EFCE9A85CD}.Release|Any CPU.Build.0 = Release|Any CPU
	EndGlobalSection
	GlobalSection(SolutionProperties) = preSolution
		HideSolutionNode = FALSE
	EndGlobalSection
	GlobalSection(ExtensibilityGlobals) = postSolution
		SolutionGuid = {B90758C0-1B33-41D4-AC2C-C371AE1EE3CF}
	EndGlobalSection
EndGlobal
